// !$*UTF8*$!
{
	archiveVersion = 1;
	classes = {
	};
	objectVersion = 55;
	objects = {

/* Begin PBXBuildFile section */
		B57C0DB928F22BD80012754B /* ActiveTime.swift in Sources */ = {isa = PBXBuildFile; fileRef = B57C0DB828F22BD80012754B /* ActiveTime.swift */; };
		B57C0DBE28F255940012754B /* SelectAlarmButton.swift in Sources */ = {isa = PBXBuildFile; fileRef = B57C0DBD28F255940012754B /* SelectAlarmButton.swift */; };
		B57C0DC228F271D80012754B /* SettingsButton.swift in Sources */ = {isa = PBXBuildFile; fileRef = B57C0DC128F271D80012754B /* SettingsButton.swift */; };
		B57C0DC428F272150012754B /* TriviaButton.swift in Sources */ = {isa = PBXBuildFile; fileRef = B57C0DC328F272150012754B /* TriviaButton.swift */; };
		B57C0DC728F2736F0012754B /* HomeView.swift in Sources */ = {isa = PBXBuildFile; fileRef = B57C0DC628F2736F0012754B /* HomeView.swift */; };
		B57C0DC928F2768A0012754B /* SettingsView.swift in Sources */ = {isa = PBXBuildFile; fileRef = B57C0DC828F2768A0012754B /* SettingsView.swift */; };
		B57C0DCB28F276AA0012754B /* TriviaView.swift in Sources */ = {isa = PBXBuildFile; fileRef = B57C0DCA28F276AA0012754B /* TriviaView.swift */; };
		B57C0DCD28F277B80012754B /* Temp Code.swift in Sources */ = {isa = PBXBuildFile; fileRef = B57C0DCC28F277B80012754B /* Temp Code.swift */; };
		B57C0DD528F2A0BE0012754B /* LDMode.swift in Sources */ = {isa = PBXBuildFile; fileRef = B57C0DD428F2A0BE0012754B /* LDMode.swift */; };
		B5BF6FE428EC0EEE00FBF10A /* QuestionAlarmApp.swift in Sources */ = {isa = PBXBuildFile; fileRef = B5BF6FE328EC0EEE00FBF10A /* QuestionAlarmApp.swift */; };
		B5BF6FE628EC0EEE00FBF10A /* ContentView.swift in Sources */ = {isa = PBXBuildFile; fileRef = B5BF6FE528EC0EEE00FBF10A /* ContentView.swift */; };
		B5BF6FE828EC0EEE00FBF10A /* Assets.xcassets in Resources */ = {isa = PBXBuildFile; fileRef = B5BF6FE728EC0EEE00FBF10A /* Assets.xcassets */; };
		B5BF6FEB28EC0EEE00FBF10A /* Preview Assets.xcassets in Resources */ = {isa = PBXBuildFile; fileRef = B5BF6FEA28EC0EEE00FBF10A /* Preview Assets.xcassets */; };
/* End PBXBuildFile section */

/* Begin PBXFileReference section */
		B57C0DB828F22BD80012754B /* ActiveTime.swift */ = {isa = PBXFileReference; lastKnownFileType = sourcecode.swift; path = ActiveTime.swift; sourceTree = "<group>"; };
		B57C0DBD28F255940012754B /* SelectAlarmButton.swift */ = {isa = PBXFileReference; lastKnownFileType = sourcecode.swift; path = SelectAlarmButton.swift; sourceTree = "<group>"; };
		B57C0DC128F271D80012754B /* SettingsButton.swift */ = {isa = PBXFileReference; lastKnownFileType = sourcecode.swift; path = SettingsButton.swift; sourceTree = "<group>"; };
		B57C0DC328F272150012754B /* TriviaButton.swift */ = {isa = PBXFileReference; lastKnownFileType = sourcecode.swift; path = TriviaButton.swift; sourceTree = "<group>"; };
		B57C0DC628F2736F0012754B /* HomeView.swift */ = {isa = PBXFileReference; lastKnownFileType = sourcecode.swift; path = HomeView.swift; sourceTree = "<group>"; };
		B57C0DC828F2768A0012754B /* SettingsView.swift */ = {isa = PBXFileReference; lastKnownFileType = sourcecode.swift; path = SettingsView.swift; sourceTree = "<group>"; };
		B57C0DCA28F276AA0012754B /* TriviaView.swift */ = {isa = PBXFileReference; lastKnownFileType = sourcecode.swift; path = TriviaView.swift; sourceTree = "<group>"; };
		B57C0DCC28F277B80012754B /* Temp Code.swift */ = {isa = PBXFileReference; lastKnownFileType = sourcecode.swift; path = "Temp Code.swift"; sourceTree = "<group>"; };
		B57C0DD428F2A0BE0012754B /* LDMode.swift */ = {isa = PBXFileReference; lastKnownFileType = sourcecode.swift; path = LDMode.swift; sourceTree = "<group>"; };
		B5BF6FE028EC0EEE00FBF10A /* QuestionAlarm.app */ = {isa = PBXFileReference; explicitFileType = wrapper.application; includeInIndex = 0; path = QuestionAlarm.app; sourceTree = BUILT_PRODUCTS_DIR; };
		B5BF6FE328EC0EEE00FBF10A /* QuestionAlarmApp.swift */ = {isa = PBXFileReference; lastKnownFileType = sourcecode.swift; path = QuestionAlarmApp.swift; sourceTree = "<group>"; };
		B5BF6FE528EC0EEE00FBF10A /* ContentView.swift */ = {isa = PBXFileReference; lastKnownFileType = sourcecode.swift; path = ContentView.swift; sourceTree = "<group>"; };
		B5BF6FE728EC0EEE00FBF10A /* Assets.xcassets */ = {isa = PBXFileReference; lastKnownFileType = folder.assetcatalog; path = Assets.xcassets; sourceTree = "<group>"; };
		B5BF6FEA28EC0EEE00FBF10A /* Preview Assets.xcassets */ = {isa = PBXFileReference; lastKnownFileType = folder.assetcatalog; path = "Preview Assets.xcassets"; sourceTree = "<group>"; };
/* End PBXFileReference section */

/* Begin PBXFrameworksBuildPhase section */
		B5BF6FDD28EC0EEE00FBF10A /* Frameworks */ = {
			isa = PBXFrameworksBuildPhase;
			buildActionMask = 2147483647;
			files = (
			);
			runOnlyForDeploymentPostprocessing = 0;
		};
/* End PBXFrameworksBuildPhase section */

/* Begin PBXGroup section */
		B57C0DB528F22B320012754B /* Time */ = {
			isa = PBXGroup;
			children = (
				B57C0DB828F22BD80012754B /* ActiveTime.swift */,
			);
			path = Time;
			sourceTree = "<group>";
		};
		B57C0DBC28F251FC0012754B /* Buttons */ = {
			isa = PBXGroup;
			children = (
				B57C0DBD28F255940012754B /* SelectAlarmButton.swift */,
				B57C0DC128F271D80012754B /* SettingsButton.swift */,
				B57C0DC328F272150012754B /* TriviaButton.swift */,
			);
			path = Buttons;
			sourceTree = "<group>";
		};
		B57C0DC528F273590012754B /* Tabs */ = {
			isa = PBXGroup;
			children = (
				B57C0DC628F2736F0012754B /* HomeView.swift */,
				B57C0DC828F2768A0012754B /* SettingsView.swift */,
				B57C0DCA28F276AA0012754B /* TriviaView.swift */,
			);
			path = Tabs;
			sourceTree = "<group>";
		};
		B5BF6FD728EC0EEE00FBF10A = {
			isa = PBXGroup;
			children = (
				B5BF6FE228EC0EEE00FBF10A /* QuestionAlarm */,
				B5BF6FE128EC0EEE00FBF10A /* Products */,
			);
			sourceTree = "<group>";
		};
		B5BF6FE128EC0EEE00FBF10A /* Products */ = {
			isa = PBXGroup;
			children = (
				B5BF6FE028EC0EEE00FBF10A /* QuestionAlarm.app */,
			);
			name = Products;
			sourceTree = "<group>";
		};
		B5BF6FE228EC0EEE00FBF10A /* QuestionAlarm */ = {
			isa = PBXGroup;
			children = (
				B57C0DC528F273590012754B /* Tabs */,
				B57C0DBC28F251FC0012754B /* Buttons */,
				B57C0DB528F22B320012754B /* Time */,
				B5BF6FE328EC0EEE00FBF10A /* QuestionAlarmApp.swift */,
				B5BF6FE528EC0EEE00FBF10A /* ContentView.swift */,
				B5BF6FE728EC0EEE00FBF10A /* Assets.xcassets */,
				B5BF6FE928EC0EEE00FBF10A /* Preview Content */,
				B57C0DCC28F277B80012754B /* Temp Code.swift */,
				B57C0DD428F2A0BE0012754B /* LDMode.swift */,
			);
			path = QuestionAlarm;
			sourceTree = "<group>";
		};
		B5BF6FE928EC0EEE00FBF10A /* Preview Content */ = {
			isa = PBXGroup;
			children = (
				B5BF6FEA28EC0EEE00FBF10A /* Preview Assets.xcassets */,
			);
			path = "Preview Content";
			sourceTree = "<group>";
		};
/* End PBXGroup section */

/* Begin PBXNativeTarget section */
		B5BF6FDF28EC0EEE00FBF10A /* QuestionAlarm */ = {
			isa = PBXNativeTarget;
			buildConfigurationList = B5BF6FEE28EC0EEE00FBF10A /* Build configuration list for PBXNativeTarget "QuestionAlarm" */;
			buildPhases = (
				B5BF6FDC28EC0EEE00FBF10A /* Sources */,
				B5BF6FDD28EC0EEE00FBF10A /* Frameworks */,
				B5BF6FDE28EC0EEE00FBF10A /* Resources */,
			);
			buildRules = (
			);
			dependencies = (
			);
			name = QuestionAlarm;
			productName = QuestionAlarm;
			productReference = B5BF6FE028EC0EEE00FBF10A /* QuestionAlarm.app */;
			productType = "com.apple.product-type.application";
		};
/* End PBXNativeTarget section */

/* Begin PBXProject section */
		B5BF6FD828EC0EEE00FBF10A /* Project object */ = {
			isa = PBXProject;
			attributes = {
				BuildIndependentTargetsInParallel = 1;
				LastSwiftUpdateCheck = 1340;
				LastUpgradeCheck = 1340;
				TargetAttributes = {
					B5BF6FDF28EC0EEE00FBF10A = {
						CreatedOnToolsVersion = 13.4.1;
					};
				};
			};
			buildConfigurationList = B5BF6FDB28EC0EEE00FBF10A /* Build configuration list for PBXProject "QuestionAlarm" */;
			compatibilityVersion = "Xcode 13.0";
			developmentRegion = en;
			hasScannedForEncodings = 0;
			knownRegions = (
				en,
				Base,
			);
			mainGroup = B5BF6FD728EC0EEE00FBF10A;
			productRefGroup = B5BF6FE128EC0EEE00FBF10A /* Products */;
			projectDirPath = "";
			projectRoot = "";
			targets = (
				B5BF6FDF28EC0EEE00FBF10A /* QuestionAlarm */,
			);
		};
/* End PBXProject section */

/* Begin PBXResourcesBuildPhase section */
		B5BF6FDE28EC0EEE00FBF10A /* Resources */ = {
			isa = PBXResourcesBuildPhase;
			buildActionMask = 2147483647;
			files = (
				B5BF6FEB28EC0EEE00FBF10A /* Preview Assets.xcassets in Resources */,
				B5BF6FE828EC0EEE00FBF10A /* Assets.xcassets in Resources */,
			);
			runOnlyForDeploymentPostprocessing = 0;
		};
/* End PBXResourcesBuildPhase section */

/* Begin PBXSourcesBuildPhase section */
		B5BF6FDC28EC0EEE00FBF10A /* Sources */ = {
			isa = PBXSourcesBuildPhase;
			buildActionMask = 2147483647;
			files = (
				B5BF6FE628EC0EEE00FBF10A /* ContentView.swift in Sources */,
				B57C0DCD28F277B80012754B /* Temp Code.swift in Sources */,
				B57C0DCB28F276AA0012754B /* TriviaView.swift in Sources */,
				B57C0DC928F2768A0012754B /* SettingsView.swift in Sources */,
				B57C0DC728F2736F0012754B /* HomeView.swift in Sources */,
				B57C0DD528F2A0BE0012754B /* LDMode.swift in Sources */,
				B5BF6FE428EC0EEE00FBF10A /* QuestionAlarmApp.swift in Sources */,
				B57C0DC228F271D80012754B /* SettingsButton.swift in Sources */,
				B57C0DB928F22BD80012754B /* ActiveTime.swift in Sources */,
				B57C0DC428F272150012754B /* TriviaButton.swift in Sources */,
				B57C0DBE28F255940012754B /* SelectAlarmButton.swift in Sources */,
			);
			runOnlyForDeploymentPostprocessing = 0;
		};
/* End PBXSourcesBuildPhase section */

/* Begin XCBuildConfiguration section */
		B5BF6FEC28EC0EEE00FBF10A /* Debug */ = {
			isa = XCBuildConfiguration;
			buildSettings = {
				ALWAYS_SEARCH_USER_PATHS = NO;
				CLANG_ANALYZER_NONNULL = YES;
				CLANG_ANALYZER_NUMBER_OBJECT_CONVERSION = YES_AGGRESSIVE;
				CLANG_CXX_LANGUAGE_STANDARD = "gnu++17";
				CLANG_ENABLE_MODULES = YES;
				CLANG_ENABLE_OBJC_ARC = YES;
				CLANG_ENABLE_OBJC_WEAK = YES;
				CLANG_WARN_BLOCK_CAPTURE_AUTORELEASING = YES;
				CLANG_WARN_BOOL_CONVERSION = YES;
				CLANG_WARN_COMMA = YES;
				CLANG_WARN_CONSTANT_CONVERSION = YES;
				CLANG_WARN_DEPRECATED_OBJC_IMPLEMENTATIONS = YES;
				CLANG_WARN_DIRECT_OBJC_ISA_USAGE = YES_ERROR;
				CLANG_WARN_DOCUMENTATION_COMMENTS = YES;
				CLANG_WARN_EMPTY_BODY = YES;
				CLANG_WARN_ENUM_CONVERSION = YES;
				CLANG_WARN_INFINITE_RECURSION = YES;
				CLANG_WARN_INT_CONVERSION = YES;
				CLANG_WARN_NON_LITERAL_NULL_CONVERSION = YES;
				CLANG_WARN_OBJC_IMPLICIT_RETAIN_SELF = YES;
				CLANG_WARN_OBJC_LITERAL_CONVERSION = YES;
				CLANG_WARN_OBJC_ROOT_CLASS = YES_ERROR;
				CLANG_WARN_QUOTED_INCLUDE_IN_FRAMEWORK_HEADER = YES;
				CLANG_WARN_RANGE_LOOP_ANALYSIS = YES;
				CLANG_WARN_STRICT_PROTOTYPES = YES;
				CLANG_WARN_SUSPICIOUS_MOVE = YES;
				CLANG_WARN_UNGUARDED_AVAILABILITY = YES_AGGRESSIVE;
				CLANG_WARN_UNREACHABLE_CODE = YES;
				CLANG_WARN__DUPLICATE_METHOD_MATCH = YES;
				COPY_PHASE_STRIP = NO;
				DEBUG_INFORMATION_FORMAT = dwarf;
				ENABLE_STRICT_OBJC_MSGSEND = YES;
				ENABLE_TESTABILITY = YES;
				GCC_C_LANGUAGE_STANDARD = gnu11;
				GCC_DYNAMIC_NO_PIC = NO;
				GCC_NO_COMMON_BLOCKS = YES;
				GCC_OPTIMIZATION_LEVEL = 0;
				GCC_PREPROCESSOR_DEFINITIONS = (
					"DEBUG=1",
					"$(inherited)",
				);
				GCC_WARN_64_TO_32_BIT_CONVERSION = YES;
				GCC_WARN_ABOUT_RETURN_TYPE = YES_ERROR;
				GCC_WARN_UNDECLARED_SELECTOR = YES;
				GCC_WARN_UNINITIALIZED_AUTOS = YES_AGGRESSIVE;
				GCC_WARN_UNUSED_FUNCTION = YES;
				GCC_WARN_UNUSED_VARIABLE = YES;
				IPHONEOS_DEPLOYMENT_TARGET = 15.5;
				MTL_ENABLE_DEBUG_INFO = INCLUDE_SOURCE;
				MTL_FAST_MATH = YES;
				ONLY_ACTIVE_ARCH = YES;
				SDKROOT = iphoneos;
				SWIFT_ACTIVE_COMPILATION_CONDITIONS = DEBUG;
				SWIFT_OPTIMIZATION_LEVEL = "-Onone";
			};
			name = Debug;
		};
		B5BF6FED28EC0EEE00FBF10A /* Release */ = {
			isa = XCBuildConfiguration;
			buildSettings = {
				ALWAYS_SEARCH_USER_PATHS = NO;
				CLANG_ANALYZER_NONNULL = YES;
				CLANG_ANALYZER_NUMBER_OBJECT_CONVERSION = YES_AGGRESSIVE;
				CLANG_CXX_LANGUAGE_STANDARD = "gnu++17";
				CLANG_ENABLE_MODULES = YES;
				CLANG_ENABLE_OBJC_ARC = YES;
				CLANG_ENABLE_OBJC_WEAK = YES;
				CLANG_WARN_BLOCK_CAPTURE_AUTORELEASING = YES;
				CLANG_WARN_BOOL_CONVERSION = YES;
				CLANG_WARN_COMMA = YES;
				CLANG_WARN_CONSTANT_CONVERSION = YES;
				CLANG_WARN_DEPRECATED_OBJC_IMPLEMENTATIONS = YES;
				CLANG_WARN_DIRECT_OBJC_ISA_USAGE = YES_ERROR;
				CLANG_WARN_DOCUMENTATION_COMMENTS = YES;
				CLANG_WARN_EMPTY_BODY = YES;
				CLANG_WARN_ENUM_CONVERSION = YES;
				CLANG_WARN_INFINITE_RECURSION = YES;
				CLANG_WARN_INT_CONVERSION = YES;
				CLANG_WARN_NON_LITERAL_NULL_CONVERSION = YES;
				CLANG_WARN_OBJC_IMPLICIT_RETAIN_SELF = YES;
				CLANG_WARN_OBJC_LITERAL_CONVERSION = YES;
				CLANG_WARN_OBJC_ROOT_CLASS = YES_ERROR;
				CLANG_WARN_QUOTED_INCLUDE_IN_FRAMEWORK_HEADER = YES;
				CLANG_WARN_RANGE_LOOP_ANALYSIS = YES;
				CLANG_WARN_STRICT_PROTOTYPES = YES;
				CLANG_WARN_SUSPICIOUS_MOVE = YES;
				CLANG_WARN_UNGUARDED_AVAILABILITY = YES_AGGRESSIVE;
				CLANG_WARN_UNREACHABLE_CODE = YES;
				CLANG_WARN__DUPLICATE_METHOD_MATCH = YES;
				COPY_PHASE_STRIP = NO;
				DEBUG_INFORMATION_FORMAT = "dwarf-with-dsym";
				ENABLE_NS_ASSERTIONS = NO;
				ENABLE_STRICT_OBJC_MSGSEND = YES;
				GCC_C_LANGUAGE_STANDARD = gnu11;
				GCC_NO_COMMON_BLOCKS = YES;
				GCC_WARN_64_TO_32_BIT_CONVERSION = YES;
				GCC_WARN_ABOUT_RETURN_TYPE = YES_ERROR;
				GCC_WARN_UNDECLARED_SELECTOR = YES;
				GCC_WARN_UNINITIALIZED_AUTOS = YES_AGGRESSIVE;
				GCC_WARN_UNUSED_FUNCTION = YES;
				GCC_WARN_UNUSED_VARIABLE = YES;
				IPHONEOS_DEPLOYMENT_TARGET = 15.5;
				MTL_ENABLE_DEBUG_INFO = NO;
				MTL_FAST_MATH = YES;
				SDKROOT = iphoneos;
				SWIFT_COMPILATION_MODE = wholemodule;
				SWIFT_OPTIMIZATION_LEVEL = "-O";
				VALIDATE_PRODUCT = YES;
			};
			name = Release;
		};
		B5BF6FEF28EC0EEE00FBF10A /* Debug */ = {
			isa = XCBuildConfiguration;
			buildSettings = {
				ASSETCATALOG_COMPILER_APPICON_NAME = AppIcon;
				ASSETCATALOG_COMPILER_GLOBAL_ACCENT_COLOR_NAME = AccentColor;
				CODE_SIGN_STYLE = Automatic;
				CURRENT_PROJECT_VERSION = 1;
				DEVELOPMENT_ASSET_PATHS = "\"QuestionAlarm/Preview Content\"";
				ENABLE_PREVIEWS = YES;
				GENERATE_INFOPLIST_FILE = YES;
				INFOPLIST_KEY_UIApplicationSceneManifest_Generation = YES;
				INFOPLIST_KEY_UIApplicationSupportsIndirectInputEvents = YES;
				INFOPLIST_KEY_UILaunchScreen_Generation = YES;
				INFOPLIST_KEY_UISupportedInterfaceOrientations_iPad = "UIInterfaceOrientationPortrait UIInterfaceOrientationPortraitUpsideDown UIInterfaceOrientationLandscapeLeft UIInterfaceOrientationLandscapeRight";
				INFOPLIST_KEY_UISupportedInterfaceOrientations_iPhone = "UIInterfaceOrientationPortrait UIInterfaceOrientationLandscapeLeft UIInterfaceOrientationLandscapeRight";
				IPHONEOS_DEPLOYMENT_TARGET = 16;
				LD_RUNPATH_SEARCH_PATHS = (
					"$(inherited)",
					"@executable_path/Frameworks",
				);
				MARKETING_VERSION = 1.0;
				PRODUCT_BUNDLE_IDENTIFIER = ShakebSiddiqui.QuestionAlarm;
				PRODUCT_NAME = "$(TARGET_NAME)";
				SWIFT_EMIT_LOC_STRINGS = YES;
				SWIFT_VERSION = 5.0;
				TARGETED_DEVICE_FAMILY = "1,2";
			};
			name = Debug;
		};
		B5BF6FF028EC0EEE00FBF10A /* Release */ = {
			isa = XCBuildConfiguration;
			buildSettings = {
				ASSETCATALOG_COMPILER_APPICON_NAME = AppIcon;
				ASSETCATALOG_COMPILER_GLOBAL_ACCENT_COLOR_NAME = AccentColor;
				CODE_SIGN_STYLE = Automatic;
				CURRENT_PROJECT_VERSION = 1;
				DEVELOPMENT_ASSET_PATHS = "\"QuestionAlarm/Preview Content\"";
				ENABLE_PREVIEWS = YES;
				GENERATE_INFOPLIST_FILE = YES;
				INFOPLIST_KEY_UIApplicationSceneManifest_Generation = YES;
				INFOPLIST_KEY_UIApplicationSupportsIndirectInputEvents = YES;
				INFOPLIST_KEY_UILaunchScreen_Generation = YES;
				INFOPLIST_KEY_UISupportedInterfaceOrientations_iPad = "UIInterfaceOrientationPortrait UIInterfaceOrientationPortraitUpsideDown UIInterfaceOrientationLandscapeLeft UIInterfaceOrientationLandscapeRight";
				INFOPLIST_KEY_UISupportedInterfaceOrientations_iPhone = "UIInterfaceOrientationPortrait UIInterfaceOrientationLandscapeLeft UIInterfaceOrientationLandscapeRight";
				IPHONEOS_DEPLOYMENT_TARGET = 16;
				LD_RUNPATH_SEARCH_PATHS = (
					"$(inherited)",
					"@executable_path/Frameworks",
				);
				MARKETING_VERSION = 1.0;
				PRODUCT_BUNDLE_IDENTIFIER = ShakebSiddiqui.QuestionAlarm;
				PRODUCT_NAME = "$(TARGET_NAME)";
				SWIFT_EMIT_LOC_STRINGS = YES;
				SWIFT_VERSION = 5.0;
				TARGETED_DEVICE_FAMILY = "1,2";
			};
			name = Release;
		};
/* End XCBuildConfiguration section */

/* Begin XCConfigurationList section */
		B5BF6FDB28EC0EEE00FBF10A /* Build configuration list for PBXProject "QuestionAlarm" */ = {
			isa = XCConfigurationList;
			buildConfigurations = (
				B5BF6FEC28EC0EEE00FBF10A /* Debug */,
				B5BF6FED28EC0EEE00FBF10A /* Release */,
			);
			defaultConfigurationIsVisible = 0;
			defaultConfigurationName = Release;
		};
		B5BF6FEE28EC0EEE00FBF10A /* Build configuration list for PBXNativeTarget "QuestionAlarm" */ = {
			isa = XCConfigurationList;
			buildConfigurations = (
				B5BF6FEF28EC0EEE00FBF10A /* Debug */,
				B5BF6FF028EC0EEE00FBF10A /* Release */,
			);
			defaultConfigurationIsVisible = 0;
			defaultConfigurationName = Release;
		};
/* End XCConfigurationList section */
	};
	rootObject = B5BF6FD828EC0EEE00FBF10A /* Project object */;
}
